
Microsoft Visual Studio Solution File, Format Version 12.00
# Visual Studio Version 17
VisualStudioVersion = 17.0.31903.59
MinimumVisualStudioVersion = 10.0.40219.1
Project("{9A19103F-16F7-4668-BE54-9A1E7A4F7556}") = "Consulta.Application", "Consulta.Application\Consulta.Application.csproj", "{2E578DED-A169-420F-9472-760F1C38B1E7}"
	ProjectSection(ProjectDependencies) = postProject
		{1DBBBB80-C93C-4D78-B286-8A5E00C2B255} = {1DBBBB80-C93C-4D78-B286-8A5E00C2B255}
		{B40E9B0F-F234-45F4-9255-A2D8869FAD7D} = {B40E9B0F-F234-45F4-9255-A2D8869FAD7D}
	EndProjectSection
EndProject
Project("{9A19103F-16F7-4668-BE54-9A1E7A4F7556}") = "Consulta.Domain", "Consulta.Domain\Consulta.Domain.csproj", "{1DBBBB80-C93C-4D78-B286-8A5E00C2B255}"
EndProject
Project("{9A19103F-16F7-4668-BE54-9A1E7A4F7556}") = "Consulta.Infrastructure", "Consulta.Infrastructure\Consulta.Infrastructure.csproj", "{B40E9B0F-F234-45F4-9255-A2D8869FAD7D}"
	ProjectSection(ProjectDependencies) = postProject
		{1DBBBB80-C93C-4D78-B286-8A5E00C2B255} = {1DBBBB80-C93C-4D78-B286-8A5E00C2B255}
	EndProjectSection
EndProject
Project("{9A19103F-16F7-4668-BE54-9A1E7A4F7556}") = "Consulta.Tests", "Consulta.Tests\Consulta.Tests.csproj", "{5E13BAD9-1144-4202-B748-CB556B31E41F}"
	ProjectSection(ProjectDependencies) = postProject
		{2E578DED-A169-420F-9472-760F1C38B1E7} = {2E578DED-A169-420F-9472-760F1C38B1E7}
		{B40E9B0F-F234-45F4-9255-A2D8869FAD7D} = {B40E9B0F-F234-45F4-9255-A2D8869FAD7D}
	EndProjectSection
EndProject
Project("{FAE04EC0-301F-11D3-BF4B-00C04F79EFBC}") = "Consulta.Consumer", "Consulta.Consumer\Consulta.Consumer.csproj", "{B6BE8765-A737-4320-B068-0A348ACBC548}"
	ProjectSection(ProjectDependencies) = postProject
		{B40E9B0F-F234-45F4-9255-A2D8869FAD7D} = {B40E9B0F-F234-45F4-9255-A2D8869FAD7D}
	EndProjectSection
EndProject
Project("{FAE04EC0-301F-11D3-BF4B-00C04F79EFBC}") = "Consulta.API", "Consulta.API\Consulta.API.csproj", "{7A019EAC-35C7-4978-8756-23A5C708D8D4}"
EndProject
Global
	GlobalSection(SolutionConfigurationPlatforms) = preSolution
		Debug|Any CPU = Debug|Any CPU
		Release|Any CPU = Release|Any CPU
	EndGlobalSection
	GlobalSection(ProjectConfigurationPlatforms) = postSolution
		{2E578DED-A169-420F-9472-760F1C38B1E7}.Debug|Any CPU.ActiveCfg = Debug|Any CPU
		{2E578DED-A169-420F-9472-760F1C38B1E7}.Debug|Any CPU.Build.0 = Debug|Any CPU
		{2E578DED-A169-420F-9472-760F1C38B1E7}.Release|Any CPU.ActiveCfg = Release|Any CPU
		{2E578DED-A169-420F-9472-760F1C38B1E7}.Release|Any CPU.Build.0 = Release|Any CPU
		{1DBBBB80-C93C-4D78-B286-8A5E00C2B255}.Debug|Any CPU.ActiveCfg = Debug|Any CPU
		{1DBBBB80-C93C-4D78-B286-8A5E00C2B255}.Debug|Any CPU.Build.0 = Debug|Any CPU
		{1DBBBB80-C93C-4D78-B286-8A5E00C2B255}.Release|Any CPU.ActiveCfg = Release|Any CPU
		{1DBBBB80-C93C-4D78-B286-8A5E00C2B255}.Release|Any CPU.Build.0 = Release|Any CPU
		{B40E9B0F-F234-45F4-9255-A2D8869FAD7D}.Debug|Any CPU.ActiveCfg = Debug|Any CPU
		{B40E9B0F-F234-45F4-9255-A2D8869FAD7D}.Debug|Any CPU.Build.0 = Debug|Any CPU
		{B40E9B0F-F234-45F4-9255-A2D8869FAD7D}.Release|Any CPU.ActiveCfg = Release|Any CPU
		{B40E9B0F-F234-45F4-9255-A2D8869FAD7D}.Release|Any CPU.Build.0 = Release|Any CPU
		{5E13BAD9-1144-4202-B748-CB556B31E41F}.Debug|Any CPU.ActiveCfg = Debug|Any CPU
		{5E13BAD9-1144-4202-B748-CB556B31E41F}.Debug|Any CPU.Build.0 = Debug|Any CPU
		{5E13BAD9-1144-4202-B748-CB556B31E41F}.Release|Any CPU.ActiveCfg = Release|Any CPU
		{5E13BAD9-1144-4202-B748-CB556B31E41F}.Release|Any CPU.Build.0 = Release|Any CPU
		{B6BE8765-A737-4320-B068-0A348ACBC548}.Debug|Any CPU.ActiveCfg = Debug|Any CPU
		{B6BE8765-A737-4320-B068-0A348ACBC548}.Debug|Any CPU.Build.0 = Debug|Any CPU
		{B6BE8765-A737-4320-B068-0A348ACBC548}.Release|Any CPU.ActiveCfg = Release|Any CPU
		{B6BE8765-A737-4320-B068-0A348ACBC548}.Release|Any CPU.Build.0 = Release|Any CPU
		{7A019EAC-35C7-4978-8756-23A5C708D8D4}.Debug|Any CPU.ActiveCfg = Debug|Any CPU
		{7A019EAC-35C7-4978-8756-23A5C708D8D4}.Debug|Any CPU.Build.0 = Debug|Any CPU
		{7A019EAC-35C7-4978-8756-23A5C708D8D4}.Release|Any CPU.ActiveCfg = Release|Any CPU
		{7A019EAC-35C7-4978-8756-23A5C708D8D4}.Release|Any CPU.Build.0 = Release|Any CPU
	EndGlobalSection
	GlobalSection(SolutionProperties) = preSolution
		HideSolutionNode = FALSE
	EndGlobalSection
	GlobalSection(ExtensibilityGlobals) = postSolution
		SolutionGuid = {4496BA16-A0B9-4680-9EF2-49A44F2AAFA9}
	EndGlobalSection
EndGlobal
